
Microsoft Visual Studio Solution File, Format Version 12.00
# Visual Studio Version 17
VisualStudioVersion = 17.1.31903.286
MinimumVisualStudioVersion = 10.0.40219.1
Project("{FAE04EC0-301F-11D3-BF4B-00C04F79EFBC}") = "LerPlanilha", "LerPlanilha\LerPlanilha.csproj", "{A56FA172-AD9D-4304-B1D6-9B270F038FA3}"
EndProject
Project("{FAE04EC0-301F-11D3-BF4B-00C04F79EFBC}") = "Infraestructure", "Infraestructure\Infraestructure.csproj", "{BDBC8675-1BD7-4C95-B412-41ED4468E58D}"
EndProject
Global
	GlobalSection(SolutionConfigurationPlatforms) = preSolution
		Debug|Any CPU = Debug|Any CPU
		Release|Any CPU = Release|Any CPU
	EndGlobalSection
	GlobalSection(ProjectConfigurationPlatforms) = postSolution
		{A56FA172-AD9D-4304-B1D6-9B270F038FA3}.Debug|Any CPU.ActiveCfg = Debug|Any CPU
		{A56FA172-AD9D-4304-B1D6-9B270F038FA3}.Debug|Any CPU.Build.0 = Debug|Any CPU
		{A56FA172-AD9D-4304-B1D6-9B270F038FA3}.Release|Any CPU.ActiveCfg = Release|Any CPU
		{A56FA172-AD9D-4304-B1D6-9B270F038FA3}.Release|Any CPU.Build.0 = Release|Any CPU
		{BDBC8675-1BD7-4C95-B412-41ED4468E58D}.Debug|Any CPU.ActiveCfg = Debug|Any CPU
		{BDBC8675-1BD7-4C95-B412-41ED4468E58D}.Debug|Any CPU.Build.0 = Debug|Any CPU
		{BDBC8675-1BD7-4C95-B412-41ED4468E58D}.Release|Any CPU.ActiveCfg = Release|Any CPU
		{BDBC8675-1BD7-4C95-B412-41ED4468E58D}.Release|Any CPU.Build.0 = Release|Any CPU
	EndGlobalSection
	GlobalSection(SolutionProperties) = preSolution
		HideSolutionNode = FALSE
	EndGlobalSection
	GlobalSection(ExtensibilityGlobals) = postSolution
		SolutionGuid = {6AE24F85-47A7-4A22-9B8A-6F268BA269A4}
	EndGlobalSection
EndGlobal
